
Microsoft Visual Studio Solution File, Format Version 12.00
# Visual Studio Version 16
VisualStudioVersion = 16.0.29806.167
MinimumVisualStudioVersion = 10.0.40219.1
Project("{9A19103F-16F7-4668-BE54-9A1E7A4F7556}") = "Definux.Utilities.Functions", "src\Definux.Utilities.Functions\Definux.Utilities.Functions.csproj", "{400094A1-B1F5-4DCE-A545-E0A641D07A87}"
EndProject
Project("{FAE04EC0-301F-11D3-BF4B-00C04F79EFBC}") = "Definux.Utilities.Extensions", "src\Definux.Utilities.Extensions\Definux.Utilities.Extensions.csproj", "{B5396504-50DB-43E6-8CFD-B3D2039A3F60}"
EndProject
Project("{FAE04EC0-301F-11D3-BF4B-00C04F79EFBC}") = "Definux.Utilities.DataAnnotations", "src\Definux.Utilities.DataAnnotations\Definux.Utilities.DataAnnotations.csproj", "{D0212A74-38DB-4B43-AACD-BDB556CD6C15}"
EndProject
Project("{FAE04EC0-301F-11D3-BF4B-00C04F79EFBC}") = "Definux.Utilities.Enumerations", "src\Definux.Utilities.Enumerations\Definux.Utilities.Enumerations.csproj", "{EAF56762-84AC-4E02-B237-CD95D5EB434A}"
EndProject
Project("{FAE04EC0-301F-11D3-BF4B-00C04F79EFBC}") = "Definux.Utilities.Options", "src\Definux.Utilities.Options\Definux.Utilities.Options.csproj", "{2FDA62C0-0378-44EF-B4F0-3899A272C2CA}"
EndProject
Global
	GlobalSection(SolutionConfigurationPlatforms) = preSolution
		Debug|Any CPU = Debug|Any CPU
		Release|Any CPU = Release|Any CPU
	EndGlobalSection
	GlobalSection(ProjectConfigurationPlatforms) = postSolution
		{400094A1-B1F5-4DCE-A545-E0A641D07A87}.Debug|Any CPU.ActiveCfg = Debug|Any CPU
		{400094A1-B1F5-4DCE-A545-E0A641D07A87}.Debug|Any CPU.Build.0 = Debug|Any CPU
		{400094A1-B1F5-4DCE-A545-E0A641D07A87}.Release|Any CPU.ActiveCfg = Release|Any CPU
		{400094A1-B1F5-4DCE-A545-E0A641D07A87}.Release|Any CPU.Build.0 = Release|Any CPU
		{B5396504-50DB-43E6-8CFD-B3D2039A3F60}.Debug|Any CPU.ActiveCfg = Debug|Any CPU
		{B5396504-50DB-43E6-8CFD-B3D2039A3F60}.Debug|Any CPU.Build.0 = Debug|Any CPU
		{B5396504-50DB-43E6-8CFD-B3D2039A3F60}.Release|Any CPU.ActiveCfg = Release|Any CPU
		{B5396504-50DB-43E6-8CFD-B3D2039A3F60}.Release|Any CPU.Build.0 = Release|Any CPU
		{D0212A74-38DB-4B43-AACD-BDB556CD6C15}.Debug|Any CPU.ActiveCfg = Debug|Any CPU
		{D0212A74-38DB-4B43-AACD-BDB556CD6C15}.Debug|Any CPU.Build.0 = Debug|Any CPU
		{D0212A74-38DB-4B43-AACD-BDB556CD6C15}.Release|Any CPU.ActiveCfg = Release|Any CPU
		{D0212A74-38DB-4B43-AACD-BDB556CD6C15}.Release|Any CPU.Build.0 = Release|Any CPU
		{EAF56762-84AC-4E02-B237-CD95D5EB434A}.Debug|Any CPU.ActiveCfg = Debug|Any CPU
		{EAF56762-84AC-4E02-B237-CD95D5EB434A}.Debug|Any CPU.Build.0 = Debug|Any CPU
		{EAF56762-84AC-4E02-B237-CD95D5EB434A}.Release|Any CPU.ActiveCfg = Release|Any CPU
		{EAF56762-84AC-4E02-B237-CD95D5EB434A}.Release|Any CPU.Build.0 = Release|Any CPU
		{2FDA62C0-0378-44EF-B4F0-3899A272C2CA}.Debug|Any CPU.ActiveCfg = Debug|Any CPU
		{2FDA62C0-0378-44EF-B4F0-3899A272C2CA}.Debug|Any CPU.Build.0 = Debug|Any CPU
		{2FDA62C0-0378-44EF-B4F0-3899A272C2CA}.Release|Any CPU.ActiveCfg = Release|Any CPU
		{2FDA62C0-0378-44EF-B4F0-3899A272C2CA}.Release|Any CPU.Build.0 = Release|Any CPU
	EndGlobalSection
	GlobalSection(SolutionProperties) = preSolution
		HideSolutionNode = FALSE
	EndGlobalSection
	GlobalSection(ExtensibilityGlobals) = postSolution
		SolutionGuid = {9FD197FF-7BEB-41A9-8A90-ACD1DBFF9F6A}
	EndGlobalSection
EndGlobal
